# This file is automatically @generated by Cargo.
# It is not intended for manual editing.
version = 4

[[package]]
name = "pickle-cli"
version = "0.1.0"

[[package]]
name = "pickle-commands"
version = "0.1.0"

[[package]]
name = "pickle-config"
version = "0.1.0"

[[package]]
name = "pickle-core"
version = "0.1.0"

[[package]]
name = "pickle-plugin-api"
version = "0.1.0"

[[package]]
name = "pickle-runtime"
version = "0.1.0"
